{
  "object": {
    "pins": [
      {
        "package": "Alamofire",
        "repositoryURL": "https://github.com/Alamofire/Alamofire.git",
        "state": {
          "branch": null,
          "revision": "eaf6e622dd41b07b251d8f01752eab31bc811493",
          "version": "5.4.1"
        }
      },
      {
        "package": "CameraManager",
        "repositoryURL": "https://github.com/imaginary-cloud/CameraManager",
        "state": {
          "branch": null,
          "revision": "30584f3b8fcb47ed778b172b8727b10854704927",
          "version": "5.1.3"
        }
      },
      {
        "package": "Request",
        "repositoryURL": "https://github.com/carson-katri/swift-request",
        "state": {
          "branch": null,
          "revision": "1b4493f01e4d968ab17ed5e17a91a117a22d636f",
          "version": "1.3.0"
        }
      },
      {
        "package": "SwiftUIPager",
        "repositoryURL": "https://github.com/fermoya/SwiftUIPager.git",
        "state": {
          "branch": null,
          "revision": "41d6273d239a5c5a11db68292915e99c6473058e",
          "version": "2.0.0"
        }
      },
      {
        "package": "URLImage",
        "repositoryURL": "https://github.com/dmytro-anokhin/url-image",
        "state": {
          "branch": null,
          "revision": "7455e7b59087322975fce21e83c2ffaf6e0fa04a",
          "version": "2.2.1"
        }
      }
    ]
  },
  "version": 1
}
