{
  "object": {
    "pins": [
      {
        "package": "SwiftUIPager",
        "repositoryURL": "https://github.com/fermoya/SwiftUIPager.git",
        "state": {
          "branch": null,
          "revision": "41d6273d239a5c5a11db68292915e99c6473058e",
          "version": "2.0.0"
        }
      },
      {
        "package": "URLImage",
        "repositoryURL": "https://github.com/dmytro-anokhin/url-image",
        "state": {
          "branch": null,
          "revision": "7455e7b59087322975fce21e83c2ffaf6e0fa04a",
          "version": "2.2.1"
        }
      }
    ]
  },
  "version": 1
}
