// !$*UTF8*$!
{
	archiveVersion = 1;
	classes = {
	};
	objectVersion = 52;
	objects = {

/* Begin PBXBuildFile section */
		1E9C379925BBC17900C7F262 /* JustifiApp.swift in Sources */ = {isa = PBXBuildFile; fileRef = 1E9C378625BBC17800C7F262 /* JustifiApp.swift */; };
		1E9C379A25BBC17900C7F262 /* JustifiApp.swift in Sources */ = {isa = PBXBuildFile; fileRef = 1E9C378625BBC17800C7F262 /* JustifiApp.swift */; };
		1E9C379B25BBC17900C7F262 /* ContentView.swift in Sources */ = {isa = PBXBuildFile; fileRef = 1E9C378725BBC17800C7F262 /* ContentView.swift */; };
		1E9C379C25BBC17900C7F262 /* ContentView.swift in Sources */ = {isa = PBXBuildFile; fileRef = 1E9C378725BBC17800C7F262 /* ContentView.swift */; };
		1E9C379D25BBC17900C7F262 /* Assets.xcassets in Resources */ = {isa = PBXBuildFile; fileRef = 1E9C378825BBC17900C7F262 /* Assets.xcassets */; };
		1E9C379E25BBC17900C7F262 /* Assets.xcassets in Resources */ = {isa = PBXBuildFile; fileRef = 1E9C378825BBC17900C7F262 /* Assets.xcassets */; };
		1E9C37B225BC76F400C7F262 /* SwiftUIPager in Frameworks */ = {isa = PBXBuildFile; productRef = 1E9C37B125BC76F400C7F262 /* SwiftUIPager */; };
		1E9C37B625BC771F00C7F262 /* ScrollView.swift in Sources */ = {isa = PBXBuildFile; fileRef = 1E9C37B525BC771F00C7F262 /* ScrollView.swift */; };
		1E9C37B725BC771F00C7F262 /* ScrollView.swift in Sources */ = {isa = PBXBuildFile; fileRef = 1E9C37B525BC771F00C7F262 /* ScrollView.swift */; };
		1E9C37BB25BC7DDD00C7F262 /* VideoView.swift in Sources */ = {isa = PBXBuildFile; fileRef = 1E9C37BA25BC7DDD00C7F262 /* VideoView.swift */; };
		1E9C37BC25BC7DDD00C7F262 /* VideoView.swift in Sources */ = {isa = PBXBuildFile; fileRef = 1E9C37BA25BC7DDD00C7F262 /* VideoView.swift */; };
		1E9C37C325BCA69F00C7F262 /* URLImage in Frameworks */ = {isa = PBXBuildFile; productRef = 1E9C37C225BCA69F00C7F262 /* URLImage */; };
		1E9C37C725BCA99200C7F262 /* NavigationView.swift in Sources */ = {isa = PBXBuildFile; fileRef = 1E9C37C625BCA99200C7F262 /* NavigationView.swift */; };
		1E9C37C825BCA99200C7F262 /* NavigationView.swift in Sources */ = {isa = PBXBuildFile; fileRef = 1E9C37C625BCA99200C7F262 /* NavigationView.swift */; };
		1E9C37CC25BCB1C700C7F262 /* RecorderView.swift in Sources */ = {isa = PBXBuildFile; fileRef = 1E9C37CB25BCB1C700C7F262 /* RecorderView.swift */; };
		1E9C37CD25BCB1C700C7F262 /* RecorderView.swift in Sources */ = {isa = PBXBuildFile; fileRef = 1E9C37CB25BCB1C700C7F262 /* RecorderView.swift */; };
		1E9C37D925BCB4B800C7F262 /* CameraManager in Frameworks */ = {isa = PBXBuildFile; productRef = 1E9C37D825BCB4B800C7F262 /* CameraManager */; };
		42CFEADE25BBDCAC0040C1B4 /* LoginView.swift in Sources */ = {isa = PBXBuildFile; fileRef = 42CFEADD25BBDCAC0040C1B4 /* LoginView.swift */; };
		42CFEADF25BBDCAC0040C1B4 /* LoginView.swift in Sources */ = {isa = PBXBuildFile; fileRef = 42CFEADD25BBDCAC0040C1B4 /* LoginView.swift */; };
		42CFEAE325BBE7C80040C1B4 /* RecordView.swift in Sources */ = {isa = PBXBuildFile; fileRef = 42CFEAE225BBE7C80040C1B4 /* RecordView.swift */; };
		42CFEAE425BBE7C80040C1B4 /* RecordView.swift in Sources */ = {isa = PBXBuildFile; fileRef = 42CFEAE225BBE7C80040C1B4 /* RecordView.swift */; };
/* End PBXBuildFile section */

/* Begin PBXFileReference section */
		1E9C378625BBC17800C7F262 /* JustifiApp.swift */ = {isa = PBXFileReference; lastKnownFileType = sourcecode.swift; path = JustifiApp.swift; sourceTree = "<group>"; };
		1E9C378725BBC17800C7F262 /* ContentView.swift */ = {isa = PBXFileReference; lastKnownFileType = sourcecode.swift; path = ContentView.swift; sourceTree = "<group>"; };
		1E9C378825BBC17900C7F262 /* Assets.xcassets */ = {isa = PBXFileReference; lastKnownFileType = folder.assetcatalog; path = Assets.xcassets; sourceTree = "<group>"; };
		1E9C378D25BBC17900C7F262 /* Justifi.app */ = {isa = PBXFileReference; explicitFileType = wrapper.application; includeInIndex = 0; path = Justifi.app; sourceTree = BUILT_PRODUCTS_DIR; };
		1E9C379025BBC17900C7F262 /* Info.plist */ = {isa = PBXFileReference; lastKnownFileType = text.plist.xml; path = Info.plist; sourceTree = "<group>"; };
		1E9C379525BBC17900C7F262 /* Justifi.app */ = {isa = PBXFileReference; explicitFileType = wrapper.application; includeInIndex = 0; path = Justifi.app; sourceTree = BUILT_PRODUCTS_DIR; };
		1E9C379725BBC17900C7F262 /* Info.plist */ = {isa = PBXFileReference; lastKnownFileType = text.plist.xml; path = Info.plist; sourceTree = "<group>"; };
		1E9C379825BBC17900C7F262 /* macOS.entitlements */ = {isa = PBXFileReference; lastKnownFileType = text.plist.entitlements; path = macOS.entitlements; sourceTree = "<group>"; };
		1E9C37B525BC771F00C7F262 /* ScrollView.swift */ = {isa = PBXFileReference; lastKnownFileType = sourcecode.swift; path = ScrollView.swift; sourceTree = "<group>"; };
		1E9C37BA25BC7DDD00C7F262 /* VideoView.swift */ = {isa = PBXFileReference; lastKnownFileType = sourcecode.swift; path = VideoView.swift; sourceTree = "<group>"; };
		1E9C37C625BCA99200C7F262 /* NavigationView.swift */ = {isa = PBXFileReference; lastKnownFileType = sourcecode.swift; path = NavigationView.swift; sourceTree = "<group>"; };
		1E9C37CB25BCB1C700C7F262 /* RecorderView.swift */ = {isa = PBXFileReference; lastKnownFileType = sourcecode.swift; path = RecorderView.swift; sourceTree = "<group>"; };
		42CFEADD25BBDCAC0040C1B4 /* LoginView.swift */ = {isa = PBXFileReference; lastKnownFileType = sourcecode.swift; path = LoginView.swift; sourceTree = "<group>"; };
		42CFEAE225BBE7C80040C1B4 /* RecordView.swift */ = {isa = PBXFileReference; lastKnownFileType = sourcecode.swift; path = RecordView.swift; sourceTree = "<group>"; };
/* End PBXFileReference section */

/* Begin PBXFrameworksBuildPhase section */
		1E9C378A25BBC17900C7F262 /* Frameworks */ = {
			isa = PBXFrameworksBuildPhase;
			buildActionMask = 2147483647;
			files = (
				1E9C37C325BCA69F00C7F262 /* URLImage in Frameworks */,
				1E9C37D925BCB4B800C7F262 /* CameraManager in Frameworks */,
				1E9C37B225BC76F400C7F262 /* SwiftUIPager in Frameworks */,
			);
			runOnlyForDeploymentPostprocessing = 0;
		};
		1E9C379225BBC17900C7F262 /* Frameworks */ = {
			isa = PBXFrameworksBuildPhase;
			buildActionMask = 2147483647;
			files = (
			);
			runOnlyForDeploymentPostprocessing = 0;
		};
/* End PBXFrameworksBuildPhase section */

/* Begin PBXGroup section */
		1E9C378025BBC17800C7F262 = {
			isa = PBXGroup;
			children = (
				1E9C378525BBC17800C7F262 /* Shared */,
				1E9C378F25BBC17900C7F262 /* iOS */,
				1E9C379625BBC17900C7F262 /* macOS */,
				1E9C378E25BBC17900C7F262 /* Products */,
			);
			sourceTree = "<group>";
		};
		1E9C378525BBC17800C7F262 /* Shared */ = {
			isa = PBXGroup;
			children = (
				1E9C378625BBC17800C7F262 /* JustifiApp.swift */,
				1E9C378725BBC17800C7F262 /* ContentView.swift */,
				1E9C37BA25BC7DDD00C7F262 /* VideoView.swift */,
				1E9C37CB25BCB1C700C7F262 /* RecorderView.swift */,
				1E9C37B525BC771F00C7F262 /* ScrollView.swift */,
				1E9C37C625BCA99200C7F262 /* NavigationView.swift */,
				1E9C378825BBC17900C7F262 /* Assets.xcassets */,
				42CFEADD25BBDCAC0040C1B4 /* LoginView.swift */,
				42CFEAE225BBE7C80040C1B4 /* RecordView.swift */,
			);
			path = Shared;
			sourceTree = "<group>";
		};
		1E9C378E25BBC17900C7F262 /* Products */ = {
			isa = PBXGroup;
			children = (
				1E9C378D25BBC17900C7F262 /* Justifi.app */,
				1E9C379525BBC17900C7F262 /* Justifi.app */,
			);
			name = Products;
			sourceTree = "<group>";
		};
		1E9C378F25BBC17900C7F262 /* iOS */ = {
			isa = PBXGroup;
			children = (
				1E9C379025BBC17900C7F262 /* Info.plist */,
			);
			path = iOS;
			sourceTree = "<group>";
		};
		1E9C379625BBC17900C7F262 /* macOS */ = {
			isa = PBXGroup;
			children = (
				1E9C379725BBC17900C7F262 /* Info.plist */,
				1E9C379825BBC17900C7F262 /* macOS.entitlements */,
			);
			path = macOS;
			sourceTree = "<group>";
		};
/* End PBXGroup section */

/* Begin PBXNativeTarget section */
		1E9C378C25BBC17900C7F262 /* Justifi (iOS) */ = {
			isa = PBXNativeTarget;
			buildConfigurationList = 1E9C37A125BBC17900C7F262 /* Build configuration list for PBXNativeTarget "Justifi (iOS)" */;
			buildPhases = (
				1E9C378925BBC17900C7F262 /* Sources */,
				1E9C378A25BBC17900C7F262 /* Frameworks */,
				1E9C378B25BBC17900C7F262 /* Resources */,
			);
			buildRules = (
			);
			dependencies = (
			);
			name = "Justifi (iOS)";
			packageProductDependencies = (
				1E9C37B125BC76F400C7F262 /* SwiftUIPager */,
				1E9C37C225BCA69F00C7F262 /* URLImage */,
				1E9C37D825BCB4B800C7F262 /* CameraManager */,
			);
			productName = "Justifi (iOS)";
			productReference = 1E9C378D25BBC17900C7F262 /* Justifi.app */;
			productType = "com.apple.product-type.application";
		};
		1E9C379425BBC17900C7F262 /* Justifi (macOS) */ = {
			isa = PBXNativeTarget;
			buildConfigurationList = 1E9C37A425BBC17900C7F262 /* Build configuration list for PBXNativeTarget "Justifi (macOS)" */;
			buildPhases = (
				1E9C379125BBC17900C7F262 /* Sources */,
				1E9C379225BBC17900C7F262 /* Frameworks */,
				1E9C379325BBC17900C7F262 /* Resources */,
			);
			buildRules = (
			);
			dependencies = (
			);
			name = "Justifi (macOS)";
			productName = "Justifi (macOS)";
			productReference = 1E9C379525BBC17900C7F262 /* Justifi.app */;
			productType = "com.apple.product-type.application";
		};
/* End PBXNativeTarget section */

/* Begin PBXProject section */
		1E9C378125BBC17800C7F262 /* Project object */ = {
			isa = PBXProject;
			attributes = {
				LastSwiftUpdateCheck = 1230;
				LastUpgradeCheck = 1230;
				TargetAttributes = {
					1E9C378C25BBC17900C7F262 = {
						CreatedOnToolsVersion = 12.3;
					};
					1E9C379425BBC17900C7F262 = {
						CreatedOnToolsVersion = 12.3;
					};
				};
			};
			buildConfigurationList = 1E9C378425BBC17800C7F262 /* Build configuration list for PBXProject "Justifi" */;
			compatibilityVersion = "Xcode 9.3";
			developmentRegion = en;
			hasScannedForEncodings = 0;
			knownRegions = (
				en,
				Base,
			);
			mainGroup = 1E9C378025BBC17800C7F262;
			packageReferences = (
				1E9C37B025BC76F400C7F262 /* XCRemoteSwiftPackageReference "SwiftUIPager" */,
				1E9C37C125BCA69F00C7F262 /* XCRemoteSwiftPackageReference "url-image" */,
				1E9C37D725BCB4B800C7F262 /* XCRemoteSwiftPackageReference "CameraManager" */,
			);
			productRefGroup = 1E9C378E25BBC17900C7F262 /* Products */;
			projectDirPath = "";
			projectRoot = "";
			targets = (
				1E9C378C25BBC17900C7F262 /* Justifi (iOS) */,
				1E9C379425BBC17900C7F262 /* Justifi (macOS) */,
			);
		};
/* End PBXProject section */

/* Begin PBXResourcesBuildPhase section */
		1E9C378B25BBC17900C7F262 /* Resources */ = {
			isa = PBXResourcesBuildPhase;
			buildActionMask = 2147483647;
			files = (
				1E9C379D25BBC17900C7F262 /* Assets.xcassets in Resources */,
			);
			runOnlyForDeploymentPostprocessing = 0;
		};
		1E9C379325BBC17900C7F262 /* Resources */ = {
			isa = PBXResourcesBuildPhase;
			buildActionMask = 2147483647;
			files = (
				1E9C379E25BBC17900C7F262 /* Assets.xcassets in Resources */,
			);
			runOnlyForDeploymentPostprocessing = 0;
		};
/* End PBXResourcesBuildPhase section */

/* Begin PBXSourcesBuildPhase section */
		1E9C378925BBC17900C7F262 /* Sources */ = {
			isa = PBXSourcesBuildPhase;
			buildActionMask = 2147483647;
			files = (
				1E9C37C725BCA99200C7F262 /* NavigationView.swift in Sources */,
				42CFEADE25BBDCAC0040C1B4 /* LoginView.swift in Sources */,
				1E9C37BB25BC7DDD00C7F262 /* VideoView.swift in Sources */,
				1E9C379B25BBC17900C7F262 /* ContentView.swift in Sources */,
				42CFEAE325BBE7C80040C1B4 /* RecordView.swift in Sources */,
				1E9C379925BBC17900C7F262 /* JustifiApp.swift in Sources */,
				1E9C37CC25BCB1C700C7F262 /* RecorderView.swift in Sources */,
				1E9C37B625BC771F00C7F262 /* ScrollView.swift in Sources */,
			);
			runOnlyForDeploymentPostprocessing = 0;
		};
		1E9C379125BBC17900C7F262 /* Sources */ = {
			isa = PBXSourcesBuildPhase;
			buildActionMask = 2147483647;
			files = (
				1E9C37C825BCA99200C7F262 /* NavigationView.swift in Sources */,
				42CFEADF25BBDCAC0040C1B4 /* LoginView.swift in Sources */,
				1E9C37BC25BC7DDD00C7F262 /* VideoView.swift in Sources */,
				1E9C379C25BBC17900C7F262 /* ContentView.swift in Sources */,
				42CFEAE425BBE7C80040C1B4 /* RecordView.swift in Sources */,
				1E9C379A25BBC17900C7F262 /* JustifiApp.swift in Sources */,
				1E9C37CD25BCB1C700C7F262 /* RecorderView.swift in Sources */,
				1E9C37B725BC771F00C7F262 /* ScrollView.swift in Sources */,
			);
			runOnlyForDeploymentPostprocessing = 0;
		};
/* End PBXSourcesBuildPhase section */

/* Begin XCBuildConfiguration section */
		1E9C379F25BBC17900C7F262 /* Debug */ = {
			isa = XCBuildConfiguration;
			buildSettings = {
				ALWAYS_SEARCH_USER_PATHS = NO;
				CLANG_ANALYZER_NONNULL = YES;
				CLANG_ANALYZER_NUMBER_OBJECT_CONVERSION = YES_AGGRESSIVE;
				CLANG_CXX_LANGUAGE_STANDARD = "gnu++14";
				CLANG_CXX_LIBRARY = "libc++";
				CLANG_ENABLE_MODULES = YES;
				CLANG_ENABLE_OBJC_ARC = YES;
				CLANG_ENABLE_OBJC_WEAK = YES;
				CLANG_WARN_BLOCK_CAPTURE_AUTORELEASING = YES;
				CLANG_WARN_BOOL_CONVERSION = YES;
				CLANG_WARN_COMMA = YES;
				CLANG_WARN_CONSTANT_CONVERSION = YES;
				CLANG_WARN_DEPRECATED_OBJC_IMPLEMENTATIONS = YES;
				CLANG_WARN_DIRECT_OBJC_ISA_USAGE = YES_ERROR;
				CLANG_WARN_DOCUMENTATION_COMMENTS = YES;
				CLANG_WARN_EMPTY_BODY = YES;
				CLANG_WARN_ENUM_CONVERSION = YES;
				CLANG_WARN_INFINITE_RECURSION = YES;
				CLANG_WARN_INT_CONVERSION = YES;
				CLANG_WARN_NON_LITERAL_NULL_CONVERSION = YES;
				CLANG_WARN_OBJC_IMPLICIT_RETAIN_SELF = YES;
				CLANG_WARN_OBJC_LITERAL_CONVERSION = YES;
				CLANG_WARN_OBJC_ROOT_CLASS = YES_ERROR;
				CLANG_WARN_QUOTED_INCLUDE_IN_FRAMEWORK_HEADER = YES;
				CLANG_WARN_RANGE_LOOP_ANALYSIS = YES;
				CLANG_WARN_STRICT_PROTOTYPES = YES;
				CLANG_WARN_SUSPICIOUS_MOVE = YES;
				CLANG_WARN_UNGUARDED_AVAILABILITY = YES_AGGRESSIVE;
				CLANG_WARN_UNREACHABLE_CODE = YES;
				CLANG_WARN__DUPLICATE_METHOD_MATCH = YES;
				COPY_PHASE_STRIP = NO;
				DEBUG_INFORMATION_FORMAT = dwarf;
				ENABLE_STRICT_OBJC_MSGSEND = YES;
				ENABLE_TESTABILITY = YES;
				GCC_C_LANGUAGE_STANDARD = gnu11;
				GCC_DYNAMIC_NO_PIC = NO;
				GCC_NO_COMMON_BLOCKS = YES;
				GCC_OPTIMIZATION_LEVEL = 0;
				GCC_PREPROCESSOR_DEFINITIONS = (
					"DEBUG=1",
					"$(inherited)",
				);
				GCC_WARN_64_TO_32_BIT_CONVERSION = YES;
				GCC_WARN_ABOUT_RETURN_TYPE = YES_ERROR;
				GCC_WARN_UNDECLARED_SELECTOR = YES;
				GCC_WARN_UNINITIALIZED_AUTOS = YES_AGGRESSIVE;
				GCC_WARN_UNUSED_FUNCTION = YES;
				GCC_WARN_UNUSED_VARIABLE = YES;
				MTL_ENABLE_DEBUG_INFO = INCLUDE_SOURCE;
				MTL_FAST_MATH = YES;
				ONLY_ACTIVE_ARCH = YES;
				SWIFT_ACTIVE_COMPILATION_CONDITIONS = DEBUG;
				SWIFT_OPTIMIZATION_LEVEL = "-Onone";
			};
			name = Debug;
		};
		1E9C37A025BBC17900C7F262 /* Release */ = {
			isa = XCBuildConfiguration;
			buildSettings = {
				ALWAYS_SEARCH_USER_PATHS = NO;
				CLANG_ANALYZER_NONNULL = YES;
				CLANG_ANALYZER_NUMBER_OBJECT_CONVERSION = YES_AGGRESSIVE;
				CLANG_CXX_LANGUAGE_STANDARD = "gnu++14";
				CLANG_CXX_LIBRARY = "libc++";
				CLANG_ENABLE_MODULES = YES;
				CLANG_ENABLE_OBJC_ARC = YES;
				CLANG_ENABLE_OBJC_WEAK = YES;
				CLANG_WARN_BLOCK_CAPTURE_AUTORELEASING = YES;
				CLANG_WARN_BOOL_CONVERSION = YES;
				CLANG_WARN_COMMA = YES;
				CLANG_WARN_CONSTANT_CONVERSION = YES;
				CLANG_WARN_DEPRECATED_OBJC_IMPLEMENTATIONS = YES;
				CLANG_WARN_DIRECT_OBJC_ISA_USAGE = YES_ERROR;
				CLANG_WARN_DOCUMENTATION_COMMENTS = YES;
				CLANG_WARN_EMPTY_BODY = YES;
				CLANG_WARN_ENUM_CONVERSION = YES;
				CLANG_WARN_INFINITE_RECURSION = YES;
				CLANG_WARN_INT_CONVERSION = YES;
				CLANG_WARN_NON_LITERAL_NULL_CONVERSION = YES;
				CLANG_WARN_OBJC_IMPLICIT_RETAIN_SELF = YES;
				CLANG_WARN_OBJC_LITERAL_CONVERSION = YES;
				CLANG_WARN_OBJC_ROOT_CLASS = YES_ERROR;
				CLANG_WARN_QUOTED_INCLUDE_IN_FRAMEWORK_HEADER = YES;
				CLANG_WARN_RANGE_LOOP_ANALYSIS = YES;
				CLANG_WARN_STRICT_PROTOTYPES = YES;
				CLANG_WARN_SUSPICIOUS_MOVE = YES;
				CLANG_WARN_UNGUARDED_AVAILABILITY = YES_AGGRESSIVE;
				CLANG_WARN_UNREACHABLE_CODE = YES;
				CLANG_WARN__DUPLICATE_METHOD_MATCH = YES;
				COPY_PHASE_STRIP = NO;
				DEBUG_INFORMATION_FORMAT = "dwarf-with-dsym";
				ENABLE_NS_ASSERTIONS = NO;
				ENABLE_STRICT_OBJC_MSGSEND = YES;
				GCC_C_LANGUAGE_STANDARD = gnu11;
				GCC_NO_COMMON_BLOCKS = YES;
				GCC_WARN_64_TO_32_BIT_CONVERSION = YES;
				GCC_WARN_ABOUT_RETURN_TYPE = YES_ERROR;
				GCC_WARN_UNDECLARED_SELECTOR = YES;
				GCC_WARN_UNINITIALIZED_AUTOS = YES_AGGRESSIVE;
				GCC_WARN_UNUSED_FUNCTION = YES;
				GCC_WARN_UNUSED_VARIABLE = YES;
				MTL_ENABLE_DEBUG_INFO = NO;
				MTL_FAST_MATH = YES;
				SWIFT_COMPILATION_MODE = wholemodule;
				SWIFT_OPTIMIZATION_LEVEL = "-O";
			};
			name = Release;
		};
		1E9C37A225BBC17900C7F262 /* Debug */ = {
			isa = XCBuildConfiguration;
			buildSettings = {
				ASSETCATALOG_COMPILER_APPICON_NAME = AppIcon;
				ASSETCATALOG_COMPILER_GLOBAL_ACCENT_COLOR_NAME = AccentColor;
				CODE_SIGN_STYLE = Automatic;
				DEVELOPMENT_TEAM = 53YXMG5TK4;
				ENABLE_PREVIEWS = YES;
				INFOPLIST_FILE = iOS/Info.plist;
				IPHONEOS_DEPLOYMENT_TARGET = 14.0;
				LD_RUNPATH_SEARCH_PATHS = (
					"$(inherited)",
					"@executable_path/Frameworks",
				);
				PRODUCT_BUNDLE_IDENTIFIER = hughbromund.Justifi;
				PRODUCT_NAME = Justifi;
				SDKROOT = iphoneos;
				SWIFT_VERSION = 5.0;
				TARGETED_DEVICE_FAMILY = "1,2";
			};
			name = Debug;
		};
		1E9C37A325BBC17900C7F262 /* Release */ = {
			isa = XCBuildConfiguration;
			buildSettings = {
				ASSETCATALOG_COMPILER_APPICON_NAME = AppIcon;
				ASSETCATALOG_COMPILER_GLOBAL_ACCENT_COLOR_NAME = AccentColor;
				CODE_SIGN_STYLE = Automatic;
				DEVELOPMENT_TEAM = 53YXMG5TK4;
				ENABLE_PREVIEWS = YES;
				INFOPLIST_FILE = iOS/Info.plist;
				IPHONEOS_DEPLOYMENT_TARGET = 14.0;
				LD_RUNPATH_SEARCH_PATHS = (
					"$(inherited)",
					"@executable_path/Frameworks",
				);
				PRODUCT_BUNDLE_IDENTIFIER = hughbromund.Justifi;
				PRODUCT_NAME = Justifi;
				SDKROOT = iphoneos;
				SWIFT_VERSION = 5.0;
				TARGETED_DEVICE_FAMILY = "1,2";
				VALIDATE_PRODUCT = YES;
			};
			name = Release;
		};
		1E9C37A525BBC17900C7F262 /* Debug */ = {
			isa = XCBuildConfiguration;
			buildSettings = {
				ASSETCATALOG_COMPILER_APPICON_NAME = AppIcon;
				ASSETCATALOG_COMPILER_GLOBAL_ACCENT_COLOR_NAME = AccentColor;
				CODE_SIGN_ENTITLEMENTS = macOS/macOS.entitlements;
				CODE_SIGN_STYLE = Automatic;
				COMBINE_HIDPI_IMAGES = YES;
				DEVELOPMENT_TEAM = 53YXMG5TK4;
				ENABLE_HARDENED_RUNTIME = YES;
				ENABLE_PREVIEWS = YES;
				INFOPLIST_FILE = macOS/Info.plist;
				LD_RUNPATH_SEARCH_PATHS = (
					"$(inherited)",
					"@executable_path/../Frameworks",
				);
				MACOSX_DEPLOYMENT_TARGET = 11.0;
				PRODUCT_BUNDLE_IDENTIFIER = hughbromund.Justifi;
				PRODUCT_NAME = Justifi;
				SDKROOT = macosx;
				SWIFT_VERSION = 5.0;
			};
			name = Debug;
		};
		1E9C37A625BBC17900C7F262 /* Release */ = {
			isa = XCBuildConfiguration;
			buildSettings = {
				ASSETCATALOG_COMPILER_APPICON_NAME = AppIcon;
				ASSETCATALOG_COMPILER_GLOBAL_ACCENT_COLOR_NAME = AccentColor;
				CODE_SIGN_ENTITLEMENTS = macOS/macOS.entitlements;
				CODE_SIGN_STYLE = Automatic;
				COMBINE_HIDPI_IMAGES = YES;
				DEVELOPMENT_TEAM = 53YXMG5TK4;
				ENABLE_HARDENED_RUNTIME = YES;
				ENABLE_PREVIEWS = YES;
				INFOPLIST_FILE = macOS/Info.plist;
				LD_RUNPATH_SEARCH_PATHS = (
					"$(inherited)",
					"@executable_path/../Frameworks",
				);
				MACOSX_DEPLOYMENT_TARGET = 11.0;
				PRODUCT_BUNDLE_IDENTIFIER = hughbromund.Justifi;
				PRODUCT_NAME = Justifi;
				SDKROOT = macosx;
				SWIFT_VERSION = 5.0;
			};
			name = Release;
		};
/* End XCBuildConfiguration section */

/* Begin XCConfigurationList section */
		1E9C378425BBC17800C7F262 /* Build configuration list for PBXProject "Justifi" */ = {
			isa = XCConfigurationList;
			buildConfigurations = (
				1E9C379F25BBC17900C7F262 /* Debug */,
				1E9C37A025BBC17900C7F262 /* Release */,
			);
			defaultConfigurationIsVisible = 0;
			defaultConfigurationName = Release;
		};
		1E9C37A125BBC17900C7F262 /* Build configuration list for PBXNativeTarget "Justifi (iOS)" */ = {
			isa = XCConfigurationList;
			buildConfigurations = (
				1E9C37A225BBC17900C7F262 /* Debug */,
				1E9C37A325BBC17900C7F262 /* Release */,
			);
			defaultConfigurationIsVisible = 0;
			defaultConfigurationName = Release;
		};
		1E9C37A425BBC17900C7F262 /* Build configuration list for PBXNativeTarget "Justifi (macOS)" */ = {
			isa = XCConfigurationList;
			buildConfigurations = (
				1E9C37A525BBC17900C7F262 /* Debug */,
				1E9C37A625BBC17900C7F262 /* Release */,
			);
			defaultConfigurationIsVisible = 0;
			defaultConfigurationName = Release;
		};
/* End XCConfigurationList section */

/* Begin XCRemoteSwiftPackageReference section */
		1E9C37B025BC76F400C7F262 /* XCRemoteSwiftPackageReference "SwiftUIPager" */ = {
			isa = XCRemoteSwiftPackageReference;
			repositoryURL = "https://github.com/fermoya/SwiftUIPager.git";
			requirement = {
				kind = upToNextMajorVersion;
				minimumVersion = 2.0.0;
			};
		};
		1E9C37C125BCA69F00C7F262 /* XCRemoteSwiftPackageReference "url-image" */ = {
			isa = XCRemoteSwiftPackageReference;
			repositoryURL = "https://github.com/dmytro-anokhin/url-image";
			requirement = {
				kind = upToNextMajorVersion;
				minimumVersion = 2.2.1;
			};
		};
		1E9C37D725BCB4B800C7F262 /* XCRemoteSwiftPackageReference "CameraManager" */ = {
			isa = XCRemoteSwiftPackageReference;
			repositoryURL = "https://github.com/imaginary-cloud/CameraManager";
			requirement = {
				kind = upToNextMajorVersion;
				minimumVersion = 5.1.3;
			};
		};
/* End XCRemoteSwiftPackageReference section */

/* Begin XCSwiftPackageProductDependency section */
		1E9C37B125BC76F400C7F262 /* SwiftUIPager */ = {
			isa = XCSwiftPackageProductDependency;
			package = 1E9C37B025BC76F400C7F262 /* XCRemoteSwiftPackageReference "SwiftUIPager" */;
			productName = SwiftUIPager;
		};
		1E9C37C225BCA69F00C7F262 /* URLImage */ = {
			isa = XCSwiftPackageProductDependency;
			package = 1E9C37C125BCA69F00C7F262 /* XCRemoteSwiftPackageReference "url-image" */;
			productName = URLImage;
		};
		1E9C37D825BCB4B800C7F262 /* CameraManager */ = {
			isa = XCSwiftPackageProductDependency;
			package = 1E9C37D725BCB4B800C7F262 /* XCRemoteSwiftPackageReference "CameraManager" */;
			productName = CameraManager;
		};
/* End XCSwiftPackageProductDependency section */
	};
	rootObject = 1E9C378125BBC17800C7F262 /* Project object */;
}
